
Microsoft Visual Studio Solution File, Format Version 12.00
# Visual Studio Version 17
VisualStudioVersion = 17.9.34723.18
MinimumVisualStudioVersion = 10.0.40219.1
Project("{FAE04EC0-301F-11D3-BF4B-00C04F79EFBC}") = "CarseerTask", "CarseerTask\CarseerTask.csproj", "{CC838846-3F12-4AA2-BCFB-AE56F739E33C}"
EndProject
Global
	GlobalSection(SolutionConfigurationPlatforms) = preSolution
		Debug|Any CPU = Debug|Any CPU
		Release|Any CPU = Release|Any CPU
	EndGlobalSection
	GlobalSection(ProjectConfigurationPlatforms) = postSolution
		{CC838846-3F12-4AA2-BCFB-AE56F739E33C}.Debug|Any CPU.ActiveCfg = Debug|Any CPU
		{CC838846-3F12-4AA2-BCFB-AE56F739E33C}.Debug|Any CPU.Build.0 = Debug|Any CPU
		{CC838846-3F12-4AA2-BCFB-AE56F739E33C}.Release|Any CPU.ActiveCfg = Release|Any CPU
		{CC838846-3F12-4AA2-BCFB-AE56F739E33C}.Release|Any CPU.Build.0 = Release|Any CPU
	EndGlobalSection
	GlobalSection(SolutionProperties) = preSolution
		HideSolutionNode = FALSE
	EndGlobalSection
	GlobalSection(ExtensibilityGlobals) = postSolution
		SolutionGuid = {D0FA3CEB-B8EA-4EE7-8F32-D3AB2323DF65}
	EndGlobalSection
EndGlobal
